Microsoft Visual Studio Solution File, Format Version 12.00
# Visual Studio Version 17
VisualStudioVersion = 17.5.2.0
MinimumVisualStudioVersion = 10.0.40219.1
Project("{FAE04EC0-301F-11D3-BF4B-00C04F79EFBC}") = "CoreService", "CoreService\CoreService.csproj", "{2D99C4A2-EF6A-E76F-C7FC-A33B2482C045}"
EndProject
Global
	GlobalSection(SolutionConfigurationPlatforms) = preSolution
		Debug|Any CPU = Debug|Any CPU
		Release|Any CPU = Release|Any CPU
	EndGlobalSection
	GlobalSection(ProjectConfigurationPlatforms) = postSolution
		{2D99C4A2-EF6A-E76F-C7FC-A33B2482C045}.Debug|Any CPU.ActiveCfg = Debug|Any CPU
		{2D99C4A2-EF6A-E76F-C7FC-A33B2482C045}.Debug|Any CPU.Build.0 = Debug|Any CPU
		{2D99C4A2-EF6A-E76F-C7FC-A33B2482C045}.Release|Any CPU.ActiveCfg = Release|Any CPU
		{2D99C4A2-EF6A-E76F-C7FC-A33B2482C045}.Release|Any CPU.Build.0 = Release|Any CPU
	EndGlobalSection
	GlobalSection(SolutionProperties) = preSolution
		HideSolutionNode = FALSE
	EndGlobalSection
	GlobalSection(ExtensibilityGlobals) = postSolution
		SolutionGuid = {8CB5A382-31EB-4359-A913-F30C03B0617D}
	EndGlobalSection
EndGlobal
